
Microsoft Visual Studio Solution File, Format Version 12.00
# Visual Studio 15
VisualStudioVersion = 15.0.28010.2016
MinimumVisualStudioVersion = 10.0.40219.1
Project("{FAE04EC0-301F-11D3-BF4B-00C04F79EFBC}") = "FlixTix", "FlixTix\FlixTix.csproj", "{269EC0CA-325A-4CAD-BA73-BD4ECD2DC205}"
EndProject
Global
	GlobalSection(SolutionConfigurationPlatforms) = preSolution
		Debug|Any CPU = Debug|Any CPU
		Release|Any CPU = Release|Any CPU
	EndGlobalSection
	GlobalSection(ProjectConfigurationPlatforms) = postSolution
		{269EC0CA-325A-4CAD-BA73-BD4ECD2DC205}.Debug|Any CPU.ActiveCfg = Debug|Any CPU
		{269EC0CA-325A-4CAD-BA73-BD4ECD2DC205}.Debug|Any CPU.Build.0 = Debug|Any CPU
		{269EC0CA-325A-4CAD-BA73-BD4ECD2DC205}.Release|Any CPU.ActiveCfg = Release|Any CPU
		{269EC0CA-325A-4CAD-BA73-BD4ECD2DC205}.Release|Any CPU.Build.0 = Release|Any CPU
	EndGlobalSection
	GlobalSection(SolutionProperties) = preSolution
		HideSolutionNode = FALSE
	EndGlobalSection
	GlobalSection(ExtensibilityGlobals) = postSolution
		SolutionGuid = {28FA68A5-E9AB-4DCE-BEA4-7D2D58BF55BA}
	EndGlobalSection
EndGlobal
